
Microsoft Visual Studio Solution File, Format Version 12.00
# Visual Studio Version 17
VisualStudioVersion = 17.3.32804.467
MinimumVisualStudioVersion = 10.0.40219.1
Project("{9A19103F-16F7-4668-BE54-9A1E7A4F7556}") = "WebApi", "WebApi\WebApi.csproj", "{EC32E8CC-C483-48C5-A5F7-FDE21E7991C1}"
EndProject
Project("{9A19103F-16F7-4668-BE54-9A1E7A4F7556}") = "EmlSoft.Health.Domain", "ru.emlsoft.health.domain\EmlSoft.Health.Domain.csproj", "{87F33600-07EB-4142-A8EC-95E19D921124}"
EndProject
Project("{9A19103F-16F7-4668-BE54-9A1E7A4F7556}") = "EmlSoft.Health.Model", "ru.emlsoft.health.model\EmlSoft.Health.Model.csproj", "{71A245B2-6066-4439-B442-F8A05B2616F8}"
EndProject
Project("{9A19103F-16F7-4668-BE54-9A1E7A4F7556}") = "EmlSoft.Health.Dto", "ru.emlsoft.health.dto\EmlSoft.Health.Dto.csproj", "{580886A4-17E2-4B4A-9CB8-59985BF4CA91}"
EndProject
Project("{FAE04EC0-301F-11D3-BF4B-00C04F79EFBC}") = "HealthRecord", "HealthRecord\HealthRecord.csproj", "{24C0566D-FBF0-4CCD-A6AE-7FDE427009B7}"
EndProject
Project("{9A19103F-16F7-4668-BE54-9A1E7A4F7556}") = "EmlSoft.Data", "..\EfRepo\ru.emlsoft.data\EmlSoft.Data.csproj", "{9A7820B4-6282-4A20-B529-AC48FA3D19AD}"
EndProject
Project("{9A19103F-16F7-4668-BE54-9A1E7A4F7556}") = "EmlSoft.Data.Ef", "..\EfRepo\ru.emlsoft.data.ef\EmlSoft.Data.Ef.csproj", "{9F027136-88FE-4DF1-AA9F-91BDAD6E3D43}"
EndProject
Global
	GlobalSection(SolutionConfigurationPlatforms) = preSolution
		Debug|Any CPU = Debug|Any CPU
		Release|Any CPU = Release|Any CPU
	EndGlobalSection
	GlobalSection(ProjectConfigurationPlatforms) = postSolution
		{EC32E8CC-C483-48C5-A5F7-FDE21E7991C1}.Debug|Any CPU.ActiveCfg = Debug|Any CPU
		{EC32E8CC-C483-48C5-A5F7-FDE21E7991C1}.Debug|Any CPU.Build.0 = Debug|Any CPU
		{EC32E8CC-C483-48C5-A5F7-FDE21E7991C1}.Release|Any CPU.ActiveCfg = Release|Any CPU
		{EC32E8CC-C483-48C5-A5F7-FDE21E7991C1}.Release|Any CPU.Build.0 = Release|Any CPU
		{87F33600-07EB-4142-A8EC-95E19D921124}.Debug|Any CPU.ActiveCfg = Debug|Any CPU
		{87F33600-07EB-4142-A8EC-95E19D921124}.Debug|Any CPU.Build.0 = Debug|Any CPU
		{87F33600-07EB-4142-A8EC-95E19D921124}.Release|Any CPU.ActiveCfg = Release|Any CPU
		{87F33600-07EB-4142-A8EC-95E19D921124}.Release|Any CPU.Build.0 = Release|Any CPU
		{71A245B2-6066-4439-B442-F8A05B2616F8}.Debug|Any CPU.ActiveCfg = Debug|Any CPU
		{71A245B2-6066-4439-B442-F8A05B2616F8}.Debug|Any CPU.Build.0 = Debug|Any CPU
		{71A245B2-6066-4439-B442-F8A05B2616F8}.Release|Any CPU.ActiveCfg = Release|Any CPU
		{71A245B2-6066-4439-B442-F8A05B2616F8}.Release|Any CPU.Build.0 = Release|Any CPU
		{580886A4-17E2-4B4A-9CB8-59985BF4CA91}.Debug|Any CPU.ActiveCfg = Debug|Any CPU
		{580886A4-17E2-4B4A-9CB8-59985BF4CA91}.Debug|Any CPU.Build.0 = Debug|Any CPU
		{580886A4-17E2-4B4A-9CB8-59985BF4CA91}.Release|Any CPU.ActiveCfg = Release|Any CPU
		{580886A4-17E2-4B4A-9CB8-59985BF4CA91}.Release|Any CPU.Build.0 = Release|Any CPU
		{24C0566D-FBF0-4CCD-A6AE-7FDE427009B7}.Debug|Any CPU.ActiveCfg = Debug|Any CPU
		{24C0566D-FBF0-4CCD-A6AE-7FDE427009B7}.Debug|Any CPU.Build.0 = Debug|Any CPU
		{24C0566D-FBF0-4CCD-A6AE-7FDE427009B7}.Release|Any CPU.ActiveCfg = Release|Any CPU
		{24C0566D-FBF0-4CCD-A6AE-7FDE427009B7}.Release|Any CPU.Build.0 = Release|Any CPU
		{9A7820B4-6282-4A20-B529-AC48FA3D19AD}.Debug|Any CPU.ActiveCfg = Debug|Any CPU
		{9A7820B4-6282-4A20-B529-AC48FA3D19AD}.Debug|Any CPU.Build.0 = Debug|Any CPU
		{9A7820B4-6282-4A20-B529-AC48FA3D19AD}.Release|Any CPU.ActiveCfg = Release|Any CPU
		{9A7820B4-6282-4A20-B529-AC48FA3D19AD}.Release|Any CPU.Build.0 = Release|Any CPU
		{9F027136-88FE-4DF1-AA9F-91BDAD6E3D43}.Debug|Any CPU.ActiveCfg = Debug|Any CPU
		{9F027136-88FE-4DF1-AA9F-91BDAD6E3D43}.Debug|Any CPU.Build.0 = Debug|Any CPU
		{9F027136-88FE-4DF1-AA9F-91BDAD6E3D43}.Release|Any CPU.ActiveCfg = Release|Any CPU
		{9F027136-88FE-4DF1-AA9F-91BDAD6E3D43}.Release|Any CPU.Build.0 = Release|Any CPU
	EndGlobalSection
	GlobalSection(SolutionProperties) = preSolution
		HideSolutionNode = FALSE
	EndGlobalSection
	GlobalSection(ExtensibilityGlobals) = postSolution
		SolutionGuid = {9F1030B3-70AD-495D-B93F-4FC482892076}
	EndGlobalSection
EndGlobal
